
Microsoft Visual Studio Solution File, Format Version 10.00
# Visual Studio 2008
Project("{FAE04EC0-301F-11D3-BF4B-00C04F79EFBC}") = "Pertinent", "Pertinent\Pertinent.csproj", "{0BD19CC1-DF62-4525-AF71-CC9BCFE872BD}"
EndProject
Project("{FAE04EC0-301F-11D3-BF4B-00C04F79EFBC}") = "Pertinent.Tests", "..\Tests\Pertinent\Pertinent.Tests.csproj", "{FFBCC3A7-B59C-4FDE-8D2D-251DF65559E8}"
EndProject
Global
	GlobalSection(SolutionConfigurationPlatforms) = preSolution
		Debug|Any CPU = Debug|Any CPU
		Release|Any CPU = Release|Any CPU
	EndGlobalSection
	GlobalSection(ProjectConfigurationPlatforms) = postSolution
		{0BD19CC1-DF62-4525-AF71-CC9BCFE872BD}.Debug|Any CPU.ActiveCfg = Debug|Any CPU
		{0BD19CC1-DF62-4525-AF71-CC9BCFE872BD}.Debug|Any CPU.Build.0 = Debug|Any CPU
		{0BD19CC1-DF62-4525-AF71-CC9BCFE872BD}.Release|Any CPU.ActiveCfg = Release|Any CPU
		{0BD19CC1-DF62-4525-AF71-CC9BCFE872BD}.Release|Any CPU.Build.0 = Release|Any CPU
		{FFBCC3A7-B59C-4FDE-8D2D-251DF65559E8}.Debug|Any CPU.ActiveCfg = Debug|Any CPU
		{FFBCC3A7-B59C-4FDE-8D2D-251DF65559E8}.Debug|Any CPU.Build.0 = Debug|Any CPU
		{FFBCC3A7-B59C-4FDE-8D2D-251DF65559E8}.Release|Any CPU.ActiveCfg = Release|Any CPU
		{FFBCC3A7-B59C-4FDE-8D2D-251DF65559E8}.Release|Any CPU.Build.0 = Release|Any CPU
	EndGlobalSection
	GlobalSection(SolutionProperties) = preSolution
		HideSolutionNode = FALSE
	EndGlobalSection
EndGlobal
